
Microsoft Visual Studio Solution File, Format Version 12.00
# Visual Studio Version 16
VisualStudioVersion = 16.0.30804.86
MinimumVisualStudioVersion = 10.0.40219.1
Project("{FAE04EC0-301F-11D3-BF4B-00C04F79EFBC}") = "GameAssignment", "GameAssignment\GameAssignment.csproj", "{C585B99D-2110-4C49-B78E-BB9497698030}"
EndProject
Global
	GlobalSection(SolutionConfigurationPlatforms) = preSolution
		Debug|Any CPU = Debug|Any CPU
		Release|Any CPU = Release|Any CPU
	EndGlobalSection
	GlobalSection(ProjectConfigurationPlatforms) = postSolution
		{C585B99D-2110-4C49-B78E-BB9497698030}.Debug|Any CPU.ActiveCfg = Debug|Any CPU
		{C585B99D-2110-4C49-B78E-BB9497698030}.Debug|Any CPU.Build.0 = Debug|Any CPU
		{C585B99D-2110-4C49-B78E-BB9497698030}.Release|Any CPU.ActiveCfg = Release|Any CPU
		{C585B99D-2110-4C49-B78E-BB9497698030}.Release|Any CPU.Build.0 = Release|Any CPU
	EndGlobalSection
	GlobalSection(SolutionProperties) = preSolution
		HideSolutionNode = FALSE
	EndGlobalSection
	GlobalSection(ExtensibilityGlobals) = postSolution
		SolutionGuid = {9C97AA1D-4499-43D4-8768-42793C53E3A0}
	EndGlobalSection
EndGlobal
